// !$*UTF8*$!
{
	archiveVersion = 1;
	classes = {
	};
	objectVersion = 46;
	objects = {

/* Begin PBXBuildFile section */
		1A45554A11EF98A0003CF8D9 /* Icon-lres.png in Resources */ = {isa = PBXBuildFile; fileRef = 1A45554911EF98A0003CF8D9 /* Icon-lres.png */; };
		1A60FEAE11EF78DD00DFDEDF /* bonfire_strobe.png in Resources */ = {isa = PBXBuildFile; fileRef = 1A60FEAB11EF78DD00DFDEDF /* bonfire_strobe.png */; };
		1A60FEAF11EF78DD00DFDEDF /* Icon-small.png in Resources */ = {isa = PBXBuildFile; fileRef = 1A60FEAC11EF78DD00DFDEDF /* Icon-small.png */; };
		1A60FEB011EF78DD00DFDEDF /* Icon.png in Resources */ = {isa = PBXBuildFile; fileRef = 1A60FEAD11EF78DD00DFDEDF /* Icon.png */; };
		1A84D0AD11ED26E7000BB960 /* bonfire_off.png in Resources */ = {isa = PBXBuildFile; fileRef = 1A84D0AA11ED26E7000BB960 /* bonfire_off.png */; };
		1A84D0AE11ED26E7000BB960 /* bonfire_on.png in Resources */ = {isa = PBXBuildFile; fileRef = 1A84D0AB11ED26E7000BB960 /* bonfire_on.png */; };
		1A84D15E11ED4446000BB960 /* MainViewController.m in Sources */ = {isa = PBXBuildFile; fileRef = 1A84D15D11ED4446000BB960 /* MainViewController.m */; };
		1A84D1B111ED47C7000BB960 /* MainView.xib in Resources */ = {isa = PBXBuildFile; fileRef = 1A84D1B011ED47C7000BB960 /* MainView.xib */; };
		1AA4D98111EF8DEE00F419EC /* Default-Portrait.png in Resources */ = {isa = PBXBuildFile; fileRef = 1AA4D98011EF8DEE00F419EC /* Default-Portrait.png */; };
		1AD3B12911DA692A00AF0563 /* AVFoundation.framework in Frameworks */ = {isa = PBXBuildFile; fileRef = 1AD3B12811DA692A00AF0563 /* AVFoundation.framework */; };
		1D3623260D0F684500981E51 /* BonfireAppDelegate.m in Sources */ = {isa = PBXBuildFile; fileRef = 1D3623250D0F684500981E51 /* BonfireAppDelegate.m */; };
		1D60589B0D05DD56006BFB54 /* main.m in Sources */ = {isa = PBXBuildFile; fileRef = 29B97316FDCFA39411CA2CEA /* main.m */; };
		1D60589F0D05DD5A006BFB54 /* Foundation.framework in Frameworks */ = {isa = PBXBuildFile; fileRef = 1D30AB110D05D00D00671497 /* Foundation.framework */; };
		1DF5F4E00D08C38300B7A737 /* UIKit.framework in Frameworks */ = {isa = PBXBuildFile; fileRef = 1DF5F4DF0D08C38300B7A737 /* UIKit.framework */; };
		280E754D0DD40C5E005A515E /* FlipsideView.xib in Resources */ = {isa = PBXBuildFile; fileRef = 280E754A0DD40C5E005A515E /* FlipsideView.xib */; };
		280E754F0DD40C5E005A515E /* MainWindow.xib in Resources */ = {isa = PBXBuildFile; fileRef = 280E754C0DD40C5E005A515E /* MainWindow.xib */; };
		289233A60DB2D0840083E9F9 /* FlipsideView.m in Sources */ = {isa = PBXBuildFile; fileRef = 289233A30DB2D0840083E9F9 /* FlipsideView.m */; };
		289233A70DB2D0840083E9F9 /* MainView.m in Sources */ = {isa = PBXBuildFile; fileRef = 289233A50DB2D0840083E9F9 /* MainView.m */; };
		289233AF0DB2D0DB0083E9F9 /* RootViewController.m in Sources */ = {isa = PBXBuildFile; fileRef = 289233AB0DB2D0DB0083E9F9 /* RootViewController.m */; };
		289233B00DB2D0DB0083E9F9 /* FlipsideViewController.m in Sources */ = {isa = PBXBuildFile; fileRef = 289233AD0DB2D0DB0083E9F9 /* FlipsideViewController.m */; };
		E48FD9FF163F55790097DC55 /* Default-Portrait-568h@2x.png in Resources */ = {isa = PBXBuildFile; fileRef = E48FD9FE163F55790097DC55 /* Default-Portrait-568h@2x.png */; };
		E48FDA03163F58C40097DC55 /* Default-Portrait@2x.png in Resources */ = {isa = PBXBuildFile; fileRef = E48FDA02163F58C40097DC55 /* Default-Portrait@2x.png */; };
		E48FDA09163F5CA10097DC55 /* bonfire_appstore.png in Resources */ = {isa = PBXBuildFile; fileRef = E48FDA04163F5CA10097DC55 /* bonfire_appstore.png */; };
		E48FDA0A163F5CA10097DC55 /* bonfire_huge.png in Resources */ = {isa = PBXBuildFile; fileRef = E48FDA05163F5CA10097DC55 /* bonfire_huge.png */; };
		E48FDA0B163F5CA10097DC55 /* bonfire_off_4inch.png in Resources */ = {isa = PBXBuildFile; fileRef = E48FDA06163F5CA10097DC55 /* bonfire_off_4inch.png */; };
		E48FDA0C163F5CA10097DC55 /* bonfire_on_4inch.png in Resources */ = {isa = PBXBuildFile; fileRef = E48FDA07163F5CA10097DC55 /* bonfire_on_4inch.png */; };
		E48FDA0D163F5CA10097DC55 /* campfire.png in Resources */ = {isa = PBXBuildFile; fileRef = E48FDA08163F5CA10097DC55 /* campfire.png */; };
/* End PBXBuildFile section */

/* Begin PBXFileReference section */
		1A45554911EF98A0003CF8D9 /* Icon-lres.png */ = {isa = PBXFileReference; lastKnownFileType = image.png; name = "Icon-lres.png"; path = "Images/Icon-lres.png"; sourceTree = "<group>"; };
		1A60FEAB11EF78DD00DFDEDF /* bonfire_strobe.png */ = {isa = PBXFileReference; lastKnownFileType = image.png; name = bonfire_strobe.png; path = Images/bonfire_strobe.png; sourceTree = "<group>"; };
		1A60FEAC11EF78DD00DFDEDF /* Icon-small.png */ = {isa = PBXFileReference; lastKnownFileType = image.png; name = "Icon-small.png"; path = "Images/Icon-small.png"; sourceTree = "<group>"; };
		1A60FEAD11EF78DD00DFDEDF /* Icon.png */ = {isa = PBXFileReference; lastKnownFileType = image.png; name = Icon.png; path = Images/Icon.png; sourceTree = "<group>"; };
		1A84D0AA11ED26E7000BB960 /* bonfire_off.png */ = {isa = PBXFileReference; lastKnownFileType = image.png; name = bonfire_off.png; path = Images/bonfire_off.png; sourceTree = "<group>"; };
		1A84D0AB11ED26E7000BB960 /* bonfire_on.png */ = {isa = PBXFileReference; lastKnownFileType = image.png; name = bonfire_on.png; path = Images/bonfire_on.png; sourceTree = "<group>"; };
		1A84D15D11ED4446000BB960 /* MainViewController.m */ = {isa = PBXFileReference; fileEncoding = 4; lastKnownFileType = sourcecode.c.objc; name = MainViewController.m; path = Classes/MainViewController.m; sourceTree = "<group>"; };
		1A84D1B011ED47C7000BB960 /* MainView.xib */ = {isa = PBXFileReference; lastKnownFileType = file.xib; path = MainView.xib; sourceTree = "<group>"; };
		1AA4D98011EF8DEE00F419EC /* Default-Portrait.png */ = {isa = PBXFileReference; lastKnownFileType = image.png; path = "Default-Portrait.png"; sourceTree = "<group>"; };
		1AD3B12811DA692A00AF0563 /* AVFoundation.framework */ = {isa = PBXFileReference; lastKnownFileType = wrapper.framework; name = AVFoundation.framework; path = System/Library/Frameworks/AVFoundation.framework; sourceTree = SDKROOT; };
		1D30AB110D05D00D00671497 /* Foundation.framework */ = {isa = PBXFileReference; lastKnownFileType = wrapper.framework; name = Foundation.framework; path = System/Library/Frameworks/Foundation.framework; sourceTree = SDKROOT; };
		1D3623240D0F684500981E51 /* BonfireAppDelegate.h */ = {isa = PBXFileReference; fileEncoding = 4; lastKnownFileType = sourcecode.c.h; path = BonfireAppDelegate.h; sourceTree = "<group>"; };
		1D3623250D0F684500981E51 /* BonfireAppDelegate.m */ = {isa = PBXFileReference; fileEncoding = 4; lastKnownFileType = sourcecode.c.objc; path = BonfireAppDelegate.m; sourceTree = "<group>"; };
		1D6058910D05DD3D006BFB54 /* Bonfire.app */ = {isa = PBXFileReference; explicitFileType = wrapper.application; includeInIndex = 0; path = Bonfire.app; sourceTree = BUILT_PRODUCTS_DIR; };
		1DF5F4DF0D08C38300B7A737 /* UIKit.framework */ = {isa = PBXFileReference; lastKnownFileType = wrapper.framework; name = UIKit.framework; path = System/Library/Frameworks/UIKit.framework; sourceTree = SDKROOT; };
		280E754A0DD40C5E005A515E /* FlipsideView.xib */ = {isa = PBXFileReference; lastKnownFileType = file.xib; path = FlipsideView.xib; sourceTree = "<group>"; };
		280E754C0DD40C5E005A515E /* MainWindow.xib */ = {isa = PBXFileReference; lastKnownFileType = file.xib; path = MainWindow.xib; sourceTree = "<group>"; };
		289233A20DB2D0840083E9F9 /* FlipsideView.h */ = {isa = PBXFileReference; fileEncoding = 4; lastKnownFileType = sourcecode.c.h; name = FlipsideView.h; path = Classes/FlipsideView.h; sourceTree = "<group>"; };
		289233A30DB2D0840083E9F9 /* FlipsideView.m */ = {isa = PBXFileReference; fileEncoding = 4; lastKnownFileType = sourcecode.c.objc; name = FlipsideView.m; path = Classes/FlipsideView.m; sourceTree = "<group>"; };
		289233A40DB2D0840083E9F9 /* MainView.h */ = {isa = PBXFileReference; fileEncoding = 4; lastKnownFileType = sourcecode.c.h; name = MainView.h; path = Classes/MainView.h; sourceTree = "<group>"; };
		289233A50DB2D0840083E9F9 /* MainView.m */ = {isa = PBXFileReference; fileEncoding = 4; lastKnownFileType = sourcecode.c.objc; name = MainView.m; path = Classes/MainView.m; sourceTree = "<group>"; };
		289233A80DB2D0DB0083E9F9 /* MainViewController.h */ = {isa = PBXFileReference; fileEncoding = 4; lastKnownFileType = sourcecode.c.h; name = MainViewController.h; path = Classes/MainViewController.h; sourceTree = "<group>"; };
		289233AA0DB2D0DB0083E9F9 /* RootViewController.h */ = {isa = PBXFileReference; fileEncoding = 4; lastKnownFileType = sourcecode.c.h; path = RootViewController.h; sourceTree = "<group>"; };
		289233AB0DB2D0DB0083E9F9 /* RootViewController.m */ = {isa = PBXFileReference; fileEncoding = 4; lastKnownFileType = sourcecode.c.objc; path = RootViewController.m; sourceTree = "<group>"; };
		289233AC0DB2D0DB0083E9F9 /* FlipsideViewController.h */ = {isa = PBXFileReference; fileEncoding = 4; lastKnownFileType = sourcecode.c.h; name = FlipsideViewController.h; path = Classes/FlipsideViewController.h; sourceTree = "<group>"; };
		289233AD0DB2D0DB0083E9F9 /* FlipsideViewController.m */ = {isa = PBXFileReference; fileEncoding = 4; lastKnownFileType = sourcecode.c.objc; name = FlipsideViewController.m; path = Classes/FlipsideViewController.m; sourceTree = "<group>"; };
		29B97316FDCFA39411CA2CEA /* main.m */ = {isa = PBXFileReference; fileEncoding = 4; lastKnownFileType = sourcecode.c.objc; path = main.m; sourceTree = "<group>"; };
		32CA4F630368D1EE00C91783 /* Bonfire_Prefix.pch */ = {isa = PBXFileReference; fileEncoding = 4; lastKnownFileType = sourcecode.c.h; path = Bonfire_Prefix.pch; sourceTree = "<group>"; };
		8D1107310486CEB800E47090 /* Info.plist */ = {isa = PBXFileReference; fileEncoding = 4; lastKnownFileType = text.plist.xml; path = Info.plist; sourceTree = "<group>"; };
		E48FD9FE163F55790097DC55 /* Default-Portrait-568h@2x.png */ = {isa = PBXFileReference; lastKnownFileType = image.png; path = "Default-Portrait-568h@2x.png"; sourceTree = "<group>"; };
		E48FDA02163F58C40097DC55 /* Default-Portrait@2x.png */ = {isa = PBXFileReference; lastKnownFileType = image.png; path = "Default-Portrait@2x.png"; sourceTree = "<group>"; };
		E48FDA04163F5CA10097DC55 /* bonfire_appstore.png */ = {isa = PBXFileReference; lastKnownFileType = image.png; name = bonfire_appstore.png; path = Images/bonfire_appstore.png; sourceTree = "<group>"; };
		E48FDA05163F5CA10097DC55 /* bonfire_huge.png */ = {isa = PBXFileReference; lastKnownFileType = image.png; name = bonfire_huge.png; path = Images/bonfire_huge.png; sourceTree = "<group>"; };
		E48FDA06163F5CA10097DC55 /* bonfire_off_4inch.png */ = {isa = PBXFileReference; lastKnownFileType = image.png; name = bonfire_off_4inch.png; path = Images/bonfire_off_4inch.png; sourceTree = "<group>"; };
		E48FDA07163F5CA10097DC55 /* bonfire_on_4inch.png */ = {isa = PBXFileReference; lastKnownFileType = image.png; name = bonfire_on_4inch.png; path = Images/bonfire_on_4inch.png; sourceTree = "<group>"; };
		E48FDA08163F5CA10097DC55 /* campfire.png */ = {isa = PBXFileReference; lastKnownFileType = image.png; name = campfire.png; path = Images/campfire.png; sourceTree = "<group>"; };
/* End PBXFileReference section */

/* Begin PBXFrameworksBuildPhase section */
		1D60588F0D05DD3D006BFB54 /* Frameworks */ = {
			isa = PBXFrameworksBuildPhase;
			buildActionMask = 2147483647;
			files = (
				1D60589F0D05DD5A006BFB54 /* Foundation.framework in Frameworks */,
				1DF5F4E00D08C38300B7A737 /* UIKit.framework in Frameworks */,
				1AD3B12911DA692A00AF0563 /* AVFoundation.framework in Frameworks */,
			);
			runOnlyForDeploymentPostprocessing = 0;
		};
/* End PBXFrameworksBuildPhase section */

/* Begin PBXGroup section */
		080E96DDFE201D6D7F000001 /* Application Controllers */ = {
			isa = PBXGroup;
			children = (
				289233AA0DB2D0DB0083E9F9 /* RootViewController.h */,
				289233AB0DB2D0DB0083E9F9 /* RootViewController.m */,
				1D3623240D0F684500981E51 /* BonfireAppDelegate.h */,
				1D3623250D0F684500981E51 /* BonfireAppDelegate.m */,
			);
			name = "Application Controllers";
			path = Classes;
			sourceTree = "<group>";
		};
		188CA9160E95A09D008E41AD /* Images */ = {
			isa = PBXGroup;
			children = (
				E48FDA04163F5CA10097DC55 /* bonfire_appstore.png */,
				E48FDA05163F5CA10097DC55 /* bonfire_huge.png */,
				E48FDA06163F5CA10097DC55 /* bonfire_off_4inch.png */,
				E48FDA07163F5CA10097DC55 /* bonfire_on_4inch.png */,
				E48FDA08163F5CA10097DC55 /* campfire.png */,
				1AA4D98011EF8DEE00F419EC /* Default-Portrait.png */,
				1A45554911EF98A0003CF8D9 /* Icon-lres.png */,
				1A60FEAB11EF78DD00DFDEDF /* bonfire_strobe.png */,
				1A60FEAC11EF78DD00DFDEDF /* Icon-small.png */,
				1A60FEAD11EF78DD00DFDEDF /* Icon.png */,
				1A84D0AA11ED26E7000BB960 /* bonfire_off.png */,
				1A84D0AB11ED26E7000BB960 /* bonfire_on.png */,
			);
			name = Images;
			sourceTree = "<group>";
		};
		19C28FACFE9D520D11CA2CBB /* Products */ = {
			isa = PBXGroup;
			children = (
				1D6058910D05DD3D006BFB54 /* Bonfire.app */,
			);
			name = Products;
			sourceTree = "<group>";
		};
		281C6CD70DB2D82200F60ACC /* Flipside View */ = {
			isa = PBXGroup;
			children = (
				289233A20DB2D0840083E9F9 /* FlipsideView.h */,
				289233A30DB2D0840083E9F9 /* FlipsideView.m */,
				289233AC0DB2D0DB0083E9F9 /* FlipsideViewController.h */,
				289233AD0DB2D0DB0083E9F9 /* FlipsideViewController.m */,
			);
			name = "Flipside View";
			sourceTree = "<group>";
		};
		289233A00DB2D0730083E9F9 /* Main View */ = {
			isa = PBXGroup;
			children = (
				1A84D15D11ED4446000BB960 /* MainViewController.m */,
				289233A40DB2D0840083E9F9 /* MainView.h */,
				289233A50DB2D0840083E9F9 /* MainView.m */,
				289233A80DB2D0DB0083E9F9 /* MainViewController.h */,
			);
			name = "Main View";
			sourceTree = "<group>";
		};
		29B97314FDCFA39411CA2CEA /* CustomTemplate */ = {
			isa = PBXGroup;
			children = (
				E48FDA02163F58C40097DC55 /* Default-Portrait@2x.png */,
				E48FD9FE163F55790097DC55 /* Default-Portrait-568h@2x.png */,
				289233A00DB2D0730083E9F9 /* Main View */,
				281C6CD70DB2D82200F60ACC /* Flipside View */,
				080E96DDFE201D6D7F000001 /* Application Controllers */,
				29B97315FDCFA39411CA2CEA /* Other Sources */,
				29B97317FDCFA39411CA2CEA /* Resources */,
				29B97323FDCFA39411CA2CEA /* Frameworks */,
				19C28FACFE9D520D11CA2CBB /* Products */,
			);
			name = CustomTemplate;
			sourceTree = "<group>";
		};
		29B97315FDCFA39411CA2CEA /* Other Sources */ = {
			isa = PBXGroup;
			children = (
				32CA4F630368D1EE00C91783 /* Bonfire_Prefix.pch */,
				29B97316FDCFA39411CA2CEA /* main.m */,
			);
			name = "Other Sources";
			sourceTree = "<group>";
		};
		29B97317FDCFA39411CA2CEA /* Resources */ = {
			isa = PBXGroup;
			children = (
				188CA9160E95A09D008E41AD /* Images */,
				280E754A0DD40C5E005A515E /* FlipsideView.xib */,
				1A84D1B011ED47C7000BB960 /* MainView.xib */,
				280E754C0DD40C5E005A515E /* MainWindow.xib */,
				8D1107310486CEB800E47090 /* Info.plist */,
			);
			name = Resources;
			sourceTree = "<group>";
		};
		29B97323FDCFA39411CA2CEA /* Frameworks */ = {
			isa = PBXGroup;
			children = (
				1D30AB110D05D00D00671497 /* Foundation.framework */,
				1DF5F4DF0D08C38300B7A737 /* UIKit.framework */,
				1AD3B12811DA692A00AF0563 /* AVFoundation.framework */,
			);
			name = Frameworks;
			sourceTree = "<group>";
		};
/* End PBXGroup section */

/* Begin PBXNativeTarget section */
		1D6058900D05DD3D006BFB54 /* bonfire */ = {
			isa = PBXNativeTarget;
			buildConfigurationList = 1D6058960D05DD3E006BFB54 /* Build configuration list for PBXNativeTarget "bonfire" */;
			buildPhases = (
				1D60588D0D05DD3D006BFB54 /* Resources */,
				1D60588E0D05DD3D006BFB54 /* Sources */,
				1D60588F0D05DD3D006BFB54 /* Frameworks */,
			);
			buildRules = (
			);
			dependencies = (
			);
			name = bonfire;
			productName = Bonfire;
			productReference = 1D6058910D05DD3D006BFB54 /* Bonfire.app */;
			productType = "com.apple.product-type.application";
		};
/* End PBXNativeTarget section */

/* Begin PBXProject section */
		29B97313FDCFA39411CA2CEA /* Project object */ = {
			isa = PBXProject;
			attributes = {
				BuildIndependentTargetsInParallel = NO;
				LastUpgradeCheck = 0450;
				ORGANIZATIONNAME = "opensesame st";
			};
			buildConfigurationList = C01FCF4E08A954540054247B /* Build configuration list for PBXProject "Bonfire" */;
			compatibilityVersion = "Xcode 3.2";
			developmentRegion = English;
			hasScannedForEncodings = 1;
			knownRegions = (
				English,
				Japanese,
				French,
				German,
				en,
			);
			mainGroup = 29B97314FDCFA39411CA2CEA /* CustomTemplate */;
			projectDirPath = "";
			projectRoot = "";
			targets = (
				1D6058900D05DD3D006BFB54 /* bonfire */,
			);
		};
/* End PBXProject section */

/* Begin PBXResourcesBuildPhase section */
		1D60588D0D05DD3D006BFB54 /* Resources */ = {
			isa = PBXResourcesBuildPhase;
			buildActionMask = 2147483647;
			files = (
				280E754D0DD40C5E005A515E /* FlipsideView.xib in Resources */,
				280E754F0DD40C5E005A515E /* MainWindow.xib in Resources */,
				1A84D0AD11ED26E7000BB960 /* bonfire_off.png in Resources */,
				1A84D0AE11ED26E7000BB960 /* bonfire_on.png in Resources */,
				1A84D1B111ED47C7000BB960 /* MainView.xib in Resources */,
				1A60FEAE11EF78DD00DFDEDF /* bonfire_strobe.png in Resources */,
				1A60FEAF11EF78DD00DFDEDF /* Icon-small.png in Resources */,
				1A60FEB011EF78DD00DFDEDF /* Icon.png in Resources */,
				1AA4D98111EF8DEE00F419EC /* Default-Portrait.png in Resources */,
				1A45554A11EF98A0003CF8D9 /* Icon-lres.png in Resources */,
				E48FD9FF163F55790097DC55 /* Default-Portrait-568h@2x.png in Resources */,
				E48FDA03163F58C40097DC55 /* Default-Portrait@2x.png in Resources */,
				E48FDA09163F5CA10097DC55 /* bonfire_appstore.png in Resources */,
				E48FDA0A163F5CA10097DC55 /* bonfire_huge.png in Resources */,
				E48FDA0B163F5CA10097DC55 /* bonfire_off_4inch.png in Resources */,
				E48FDA0C163F5CA10097DC55 /* bonfire_on_4inch.png in Resources */,
				E48FDA0D163F5CA10097DC55 /* campfire.png in Resources */,
			);
			runOnlyForDeploymentPostprocessing = 0;
		};
/* End PBXResourcesBuildPhase section */

/* Begin PBXSourcesBuildPhase section */
		1D60588E0D05DD3D006BFB54 /* Sources */ = {
			isa = PBXSourcesBuildPhase;
			buildActionMask = 2147483647;
			files = (
				1D60589B0D05DD56006BFB54 /* main.m in Sources */,
				1D3623260D0F684500981E51 /* BonfireAppDelegate.m in Sources */,
				289233A60DB2D0840083E9F9 /* FlipsideView.m in Sources */,
				289233A70DB2D0840083E9F9 /* MainView.m in Sources */,
				289233AF0DB2D0DB0083E9F9 /* RootViewController.m in Sources */,
				289233B00DB2D0DB0083E9F9 /* FlipsideViewController.m in Sources */,
				1A84D15E11ED4446000BB960 /* MainViewController.m in Sources */,
			);
			runOnlyForDeploymentPostprocessing = 0;
		};
/* End PBXSourcesBuildPhase section */

/* Begin XCBuildConfiguration section */
		1D6058940D05DD3E006BFB54 /* Debug */ = {
			isa = XCBuildConfiguration;
			buildSettings = {
				ALWAYS_SEARCH_USER_PATHS = NO;
				"CODE_SIGN_IDENTITY[sdk=iphoneos*]" = "iPhone Developer";
				COPY_PHASE_STRIP = NO;
				GCC_DYNAMIC_NO_PIC = NO;
				GCC_OPTIMIZATION_LEVEL = 0;
				GCC_PRECOMPILE_PREFIX_HEADER = YES;
				GCC_PREFIX_HEADER = Bonfire_Prefix.pch;
				GCC_VERSION = com.apple.compilers.llvm.clang.1_0;
				INFOPLIST_FILE = Info.plist;
				PRODUCT_NAME = Bonfire;
				"PROVISIONING_PROFILE[sdk=iphoneos*]" = "";
			};
			name = Debug;
		};
		1D6058950D05DD3E006BFB54 /* Release */ = {
			isa = XCBuildConfiguration;
			buildSettings = {
				ALWAYS_SEARCH_USER_PATHS = NO;
				CODE_SIGN_IDENTITY = "iPhone Developer";
				"CODE_SIGN_IDENTITY[sdk=iphoneos*]" = "iPhone Developer";
				COPY_PHASE_STRIP = YES;
				GCC_PRECOMPILE_PREFIX_HEADER = YES;
				GCC_PREFIX_HEADER = Bonfire_Prefix.pch;
				GCC_VERSION = com.apple.compilers.llvm.clang.1_0;
				INFOPLIST_FILE = Info.plist;
				PRODUCT_NAME = Bonfire;
				PROVISIONING_PROFILE = "";
				"PROVISIONING_PROFILE[sdk=iphoneos*]" = "";
			};
			name = Release;
		};
		C01FCF4F08A954540054247B /* Debug */ = {
			isa = XCBuildConfiguration;
			buildSettings = {
				ARCHS = "$(ARCHS_STANDARD_32_BIT)";
				CODE_SIGN_IDENTITY = "iPhone Developer";
				"CODE_SIGN_IDENTITY[sdk=iphoneos*]" = "iPhone Developer";
				ENABLE_OPENMP_SUPPORT = NO;
				GCC_C_LANGUAGE_STANDARD = c99;
				GCC_WARN_ABOUT_RETURN_TYPE = YES;
				GCC_WARN_UNUSED_VARIABLE = YES;
				ONLY_ACTIVE_ARCH = NO;
				PROVISIONING_PROFILE = "";
				"PROVISIONING_PROFILE[sdk=iphoneos*]" = "";
				RUN_CLANG_STATIC_ANALYZER = YES;
				SDKROOT = iphoneos;
				VALIDATE_PRODUCT = YES;
			};
			name = Debug;
		};
		C01FCF5008A954540054247B /* Release */ = {
			isa = XCBuildConfiguration;
			buildSettings = {
				ARCHS = "$(ARCHS_STANDARD_32_BIT)";
				CODE_SIGN_ENTITLEMENTS = "";
				CODE_SIGN_IDENTITY = "iPhone Developer";
				"CODE_SIGN_IDENTITY[sdk=iphoneos*]" = "iPhone Developer";
				DEPLOYMENT_LOCATION = NO;
				ENABLE_OPENMP_SUPPORT = NO;
				GCC_C_LANGUAGE_STANDARD = c99;
				GCC_WARN_ABOUT_RETURN_TYPE = YES;
				GCC_WARN_UNUSED_VARIABLE = YES;
				ONLY_ACTIVE_ARCH = NO;
				PROVISIONING_PROFILE = "";
				"PROVISIONING_PROFILE[sdk=iphoneos*]" = "";
				RUN_CLANG_STATIC_ANALYZER = YES;
				SDKROOT = iphoneos;
				VALIDATE_PRODUCT = YES;
			};
			name = Release;
		};
/* End XCBuildConfiguration section */

/* Begin XCConfigurationList section */
		1D6058960D05DD3E006BFB54 /* Build configuration list for PBXNativeTarget "bonfire" */ = {
			isa = XCConfigurationList;
			buildConfigurations = (
				1D6058940D05DD3E006BFB54 /* Debug */,
				1D6058950D05DD3E006BFB54 /* Release */,
			);
			defaultConfigurationIsVisible = 0;
			defaultConfigurationName = Release;
		};
		C01FCF4E08A954540054247B /* Build configuration list for PBXProject "Bonfire" */ = {
			isa = XCConfigurationList;
			buildConfigurations = (
				C01FCF4F08A954540054247B /* Debug */,
				C01FCF5008A954540054247B /* Release */,
			);
			defaultConfigurationIsVisible = 0;
			defaultConfigurationName = Release;
		};
/* End XCConfigurationList section */
	};
	rootObject = 29B97313FDCFA39411CA2CEA /* Project object */;
}
